
Microsoft Visual Studio Solution File, Format Version 12.00
# Visual Studio 15
VisualStudioVersion = 15.0.26730.16
MinimumVisualStudioVersion = 10.0.40219.1
Project("{FAE04EC0-301F-11D3-BF4B-00C04F79EFBC}") = "CryptoPlayground", "CryptoPlayground\CryptoPlayground.csproj", "{6A3CA940-504A-4DDC-882F-27857FEF6FEA}"
EndProject
Global
	GlobalSection(SolutionConfigurationPlatforms) = preSolution
		Debug|Any CPU = Debug|Any CPU
		Release|Any CPU = Release|Any CPU
	EndGlobalSection
	GlobalSection(ProjectConfigurationPlatforms) = postSolution
		{6A3CA940-504A-4DDC-882F-27857FEF6FEA}.Debug|Any CPU.ActiveCfg = Debug|Any CPU
		{6A3CA940-504A-4DDC-882F-27857FEF6FEA}.Debug|Any CPU.Build.0 = Debug|Any CPU
		{6A3CA940-504A-4DDC-882F-27857FEF6FEA}.Release|Any CPU.ActiveCfg = Release|Any CPU
		{6A3CA940-504A-4DDC-882F-27857FEF6FEA}.Release|Any CPU.Build.0 = Release|Any CPU
	EndGlobalSection
	GlobalSection(SolutionProperties) = preSolution
		HideSolutionNode = FALSE
	EndGlobalSection
	GlobalSection(ExtensibilityGlobals) = postSolution
		SolutionGuid = {063FB0C1-BFE5-4469-8E31-B8A2D36DFD8E}
	EndGlobalSection
EndGlobal
